
Microsoft Visual Studio Solution File, Format Version 12.00
# Visual Studio Version 16
VisualStudioVersion = 16.0.32002.261
MinimumVisualStudioVersion = 10.0.40219.1
Project("{FAE04EC0-301F-11D3-BF4B-00C04F79EFBC}") = "BlogProject.Shared", "BlogProject.Shared\BlogProject.Shared.csproj", "{E45284A5-6DFF-44B7-B502-1F621F84DDF4}"
EndProject
Project("{FAE04EC0-301F-11D3-BF4B-00C04F79EFBC}") = "BlogProject.Entities", "BlogProject.Entities\BlogProject.Entities.csproj", "{EE9B0CA5-C2D8-4173-BC01-CE5C1F35C4A4}"
EndProject
Project("{FAE04EC0-301F-11D3-BF4B-00C04F79EFBC}") = "BlogProject.Data", "BlogProject.Data\BlogProject.Data.csproj", "{47CB8E56-88B1-4FD0-9F70-1AF3E416B3AB}"
EndProject
Project("{FAE04EC0-301F-11D3-BF4B-00C04F79EFBC}") = "BlogProject.Services", "BlogProject.Services\BlogProject.Services.csproj", "{5FF995BF-0403-40E0-A40C-F1FE67DEEA08}"
EndProject
Project("{FAE04EC0-301F-11D3-BF4B-00C04F79EFBC}") = "BlogProject.Mvc", "BlogProject.Mvc\BlogProject.Mvc.csproj", "{F6D7F092-8AF6-49C9-B6C4-056387349205}"
EndProject
Global
	GlobalSection(SolutionConfigurationPlatforms) = preSolution
		Debug|Any CPU = Debug|Any CPU
		Release|Any CPU = Release|Any CPU
	EndGlobalSection
	GlobalSection(ProjectConfigurationPlatforms) = postSolution
		{E45284A5-6DFF-44B7-B502-1F621F84DDF4}.Debug|Any CPU.ActiveCfg = Debug|Any CPU
		{E45284A5-6DFF-44B7-B502-1F621F84DDF4}.Debug|Any CPU.Build.0 = Debug|Any CPU
		{E45284A5-6DFF-44B7-B502-1F621F84DDF4}.Release|Any CPU.ActiveCfg = Release|Any CPU
		{E45284A5-6DFF-44B7-B502-1F621F84DDF4}.Release|Any CPU.Build.0 = Release|Any CPU
		{EE9B0CA5-C2D8-4173-BC01-CE5C1F35C4A4}.Debug|Any CPU.ActiveCfg = Debug|Any CPU
		{EE9B0CA5-C2D8-4173-BC01-CE5C1F35C4A4}.Debug|Any CPU.Build.0 = Debug|Any CPU
		{EE9B0CA5-C2D8-4173-BC01-CE5C1F35C4A4}.Release|Any CPU.ActiveCfg = Release|Any CPU
		{EE9B0CA5-C2D8-4173-BC01-CE5C1F35C4A4}.Release|Any CPU.Build.0 = Release|Any CPU
		{47CB8E56-88B1-4FD0-9F70-1AF3E416B3AB}.Debug|Any CPU.ActiveCfg = Debug|Any CPU
		{47CB8E56-88B1-4FD0-9F70-1AF3E416B3AB}.Debug|Any CPU.Build.0 = Debug|Any CPU
		{47CB8E56-88B1-4FD0-9F70-1AF3E416B3AB}.Release|Any CPU.ActiveCfg = Release|Any CPU
		{47CB8E56-88B1-4FD0-9F70-1AF3E416B3AB}.Release|Any CPU.Build.0 = Release|Any CPU
		{5FF995BF-0403-40E0-A40C-F1FE67DEEA08}.Debug|Any CPU.ActiveCfg = Debug|Any CPU
		{5FF995BF-0403-40E0-A40C-F1FE67DEEA08}.Debug|Any CPU.Build.0 = Debug|Any CPU
		{5FF995BF-0403-40E0-A40C-F1FE67DEEA08}.Release|Any CPU.ActiveCfg = Release|Any CPU
		{5FF995BF-0403-40E0-A40C-F1FE67DEEA08}.Release|Any CPU.Build.0 = Release|Any CPU
		{F6D7F092-8AF6-49C9-B6C4-056387349205}.Debug|Any CPU.ActiveCfg = Debug|Any CPU
		{F6D7F092-8AF6-49C9-B6C4-056387349205}.Debug|Any CPU.Build.0 = Debug|Any CPU
		{F6D7F092-8AF6-49C9-B6C4-056387349205}.Release|Any CPU.ActiveCfg = Release|Any CPU
		{F6D7F092-8AF6-49C9-B6C4-056387349205}.Release|Any CPU.Build.0 = Release|Any CPU
	EndGlobalSection
	GlobalSection(SolutionProperties) = preSolution
		HideSolutionNode = FALSE
	EndGlobalSection
	GlobalSection(ExtensibilityGlobals) = postSolution
		SolutionGuid = {D184CA33-ADC2-4FF0-8A50-DDC535B3E5C7}
	EndGlobalSection
EndGlobal
